
Microsoft Visual Studio Solution File, Format Version 12.00
# Visual Studio Version 16
VisualStudioVersion = 16.0.29709.97
MinimumVisualStudioVersion = 10.0.40219.1
Project("{FAE04EC0-301F-11D3-BF4B-00C04F79EFBC}") = "xbm", "xbm.csproj", "{32B313EE-A6DF-4E77-A5EB-37E8ECDA408E}"
EndProject
Global
	GlobalSection(SolutionConfigurationPlatforms) = preSolution
		Debug|Any CPU = Debug|Any CPU
		Release|Any CPU = Release|Any CPU
	EndGlobalSection
	GlobalSection(ProjectConfigurationPlatforms) = postSolution
		{32B313EE-A6DF-4E77-A5EB-37E8ECDA408E}.Debug|Any CPU.ActiveCfg = Debug|Any CPU
		{32B313EE-A6DF-4E77-A5EB-37E8ECDA408E}.Debug|Any CPU.Build.0 = Debug|Any CPU
		{32B313EE-A6DF-4E77-A5EB-37E8ECDA408E}.Release|Any CPU.ActiveCfg = Release|Any CPU
		{32B313EE-A6DF-4E77-A5EB-37E8ECDA408E}.Release|Any CPU.Build.0 = Release|Any CPU
	EndGlobalSection
	GlobalSection(SolutionProperties) = preSolution
		HideSolutionNode = FALSE
	EndGlobalSection
	GlobalSection(ExtensibilityGlobals) = postSolution
		SolutionGuid = {251388B1-50C4-4358-A68F-DA2E7EA473D3}
	EndGlobalSection
EndGlobal
